{
  "schema_version": 2,
  "cargo_lock_sha256": "f073e84eb497df572a06cb1bf718ad791baf7a766349c775c35b5c495008a773",
  "manifest_sha256": {
    "Cargo.toml": "a5d11ca903afab65991cc2c425a307460c098077c31e16a02ec834b9f913172c"
  },
  "target_resolves": {
    "base": {
      "mekuri-0.1.2": {
        "runtime_dependencies": [],
        "build_dependencies": [],
        "features": []
      }
    },
    "targets": {
      "aarch64-apple-darwin": {
        "overrides": {}
      },
      "aarch64-unknown-linux-gnu": {
        "overrides": {}
      },
      "aarch64-unknown-linux-musl": {
        "overrides": {}
      },
      "x86_64-apple-darwin": {
        "overrides": {}
      },
      "x86_64-unknown-linux-gnu": {
        "overrides": {}
      },
      "x86_64-unknown-linux-musl": {
        "overrides": {}
      }
    }
  },
  "per_crate": {
    "mekuri-0.1.2": {
      "edition": "2024",
      "lib_target": {
        "name": "mekuri",
        "path": "src/lib.rs"
      }
    }
  },
  "git_nar_sha256": {},
  "flake_metadata": {}
}
