{
  "schema_version": 2,
  "cargo_lock_sha256": "8e111224e894c6a94e85448098e59fe8b070b110a9fab36b3c5d2203c5e9aadb",
  "manifest_sha256": {
    "Cargo.toml": "f0b472e963ada450d1862e7786db3a946b2cd6b2656039a73a3593a56ed46e9d"
  },
  "target_resolves": {
    "base": {
      "mekuri-0.1.0": {
        "runtime_dependencies": [],
        "build_dependencies": [],
        "features": []
      }
    },
    "targets": {
      "aarch64-apple-darwin": {
        "overrides": {}
      },
      "aarch64-unknown-linux-gnu": {
        "overrides": {}
      },
      "aarch64-unknown-linux-musl": {
        "overrides": {}
      },
      "x86_64-apple-darwin": {
        "overrides": {}
      },
      "x86_64-unknown-linux-gnu": {
        "overrides": {}
      },
      "x86_64-unknown-linux-musl": {
        "overrides": {}
      }
    }
  },
  "per_crate": {
    "mekuri-0.1.0": {
      "edition": "2024",
      "lib_target": {
        "name": "mekuri",
        "path": "src/lib.rs"
      }
    }
  },
  "git_nar_sha256": {},
  "flake_metadata": {}
}
